{
  "name": "metadata-generator",
  "version": "1.0.0",
  "lockfileVersion": 2,
  "requires": true,
  "packages": {
    "": {
      "name": "metadata-generator",
      "version": "1.0.0",
      "license": "ISC",
      "dependencies": {
        "jquery-csv": "^1.0.21",
        "js-ipfs": "^0.0.301"
      }
    },
    "node_modules/jquery-csv": {
      "version": "1.0.21",
      "resolved": "https://registry.npmjs.org/jquery-csv/-/jquery-csv-1.0.21.tgz",
      "integrity": "sha512-uDIFsJcC4xZEofK9pk3hwFQlyqf3FFwkQq6JIa882lf0pu/S0H4LqjCAEaULGM0uOcdCbGbMBh3b3LmPtF1a9A=="
    },
    "node_modules/js-ipfs": {
      "version": "0.0.301",
      "resolved": "https://registry.npmjs.org/js-ipfs/-/js-ipfs-0.0.301.tgz",
      "integrity": "sha1-RG3IDozQbPwQuYglcg6O7ubv680=",
      "deprecated": "Use the ipfs module instead -- https://www.npmjs.com/package/ipfs --"
    }
  },
  "dependencies": {
    "jquery-csv": {
      "version": "1.0.21",
      "resolved": "https://registry.npmjs.org/jquery-csv/-/jquery-csv-1.0.21.tgz",
      "integrity": "sha512-uDIFsJcC4xZEofK9pk3hwFQlyqf3FFwkQq6JIa882lf0pu/S0H4LqjCAEaULGM0uOcdCbGbMBh3b3LmPtF1a9A=="
    },
    "js-ipfs": {
      "version": "0.0.301",
      "resolved": "https://registry.npmjs.org/js-ipfs/-/js-ipfs-0.0.301.tgz",
      "integrity": "sha1-RG3IDozQbPwQuYglcg6O7ubv680="
    }
  }
}
